
Microsoft Visual Studio Solution File, Format Version 12.00
# Visual Studio Version 17
VisualStudioVersion = 17.6.33927.249
MinimumVisualStudioVersion = 10.0.40219.1
Project("{9A19103F-16F7-4668-BE54-9A1E7A4F7556}") = "Maanfee.Highcharts", "Maanfee.Highcharts\Maanfee.Highcharts.csproj", "{713A64AE-4C28-47A5-9AAA-C6F334AAEE7A}"
EndProject
Project("{FAE04EC0-301F-11D3-BF4B-00C04F79EFBC}") = "Maanfee.Highcharts.Examples", "Maanfee.Highcharts.Examples\Maanfee.Highcharts.Examples\Maanfee.Highcharts.Examples.csproj", "{E89F4B26-EC5F-43CA-9BDE-BD5ED50C5629}"
EndProject
Project("{FAE04EC0-301F-11D3-BF4B-00C04F79EFBC}") = "Maanfee.Highcharts.Examples.Client", "Maanfee.Highcharts.Examples\Maanfee.Highcharts.Examples.Client\Maanfee.Highcharts.Examples.Client.csproj", "{7D2C8275-79F2-4357-AD95-AD8961A06295}"
EndProject
Global
	GlobalSection(SolutionConfigurationPlatforms) = preSolution
		Debug|Any CPU = Debug|Any CPU
		Release|Any CPU = Release|Any CPU
	EndGlobalSection
	GlobalSection(ProjectConfigurationPlatforms) = postSolution
		{713A64AE-4C28-47A5-9AAA-C6F334AAEE7A}.Debug|Any CPU.ActiveCfg = Debug|Any CPU
		{713A64AE-4C28-47A5-9AAA-C6F334AAEE7A}.Debug|Any CPU.Build.0 = Debug|Any CPU
		{713A64AE-4C28-47A5-9AAA-C6F334AAEE7A}.Release|Any CPU.ActiveCfg = Release|Any CPU
		{713A64AE-4C28-47A5-9AAA-C6F334AAEE7A}.Release|Any CPU.Build.0 = Release|Any CPU
		{E89F4B26-EC5F-43CA-9BDE-BD5ED50C5629}.Debug|Any CPU.ActiveCfg = Debug|Any CPU
		{E89F4B26-EC5F-43CA-9BDE-BD5ED50C5629}.Debug|Any CPU.Build.0 = Debug|Any CPU
		{E89F4B26-EC5F-43CA-9BDE-BD5ED50C5629}.Release|Any CPU.ActiveCfg = Release|Any CPU
		{E89F4B26-EC5F-43CA-9BDE-BD5ED50C5629}.Release|Any CPU.Build.0 = Release|Any CPU
		{7D2C8275-79F2-4357-AD95-AD8961A06295}.Debug|Any CPU.ActiveCfg = Debug|Any CPU
		{7D2C8275-79F2-4357-AD95-AD8961A06295}.Debug|Any CPU.Build.0 = Debug|Any CPU
		{7D2C8275-79F2-4357-AD95-AD8961A06295}.Release|Any CPU.ActiveCfg = Release|Any CPU
		{7D2C8275-79F2-4357-AD95-AD8961A06295}.Release|Any CPU.Build.0 = Release|Any CPU
	EndGlobalSection
	GlobalSection(SolutionProperties) = preSolution
		HideSolutionNode = FALSE
	EndGlobalSection
	GlobalSection(ExtensibilityGlobals) = postSolution
		SolutionGuid = {3F9C5479-AA85-427E-93BB-135C1558B871}
	EndGlobalSection
EndGlobal
