
Microsoft Visual Studio Solution File, Format Version 12.00
# Visual Studio Version 17
VisualStudioVersion = 17.6.33927.249
MinimumVisualStudioVersion = 10.0.40219.1
Project("{9A19103F-16F7-4668-BE54-9A1E7A4F7556}") = "HighCharts.Server", "HighCharts\Server\HighCharts.Server.csproj", "{136A0B3A-8F3F-4A10-B467-9957A970F200}"
EndProject
Project("{9A19103F-16F7-4668-BE54-9A1E7A4F7556}") = "HighCharts.Client", "HighCharts\Client\HighCharts.Client.csproj", "{1D44806E-DAE7-4CA5-88F3-A589AABD53FD}"
EndProject
Project("{9A19103F-16F7-4668-BE54-9A1E7A4F7556}") = "HighCharts.Shared", "HighCharts\Shared\HighCharts.Shared.csproj", "{E46BAB80-CF3C-41B7-B25E-824BD83EBA9C}"
EndProject
Project("{9A19103F-16F7-4668-BE54-9A1E7A4F7556}") = "Maanfee.Highcharts", "Maanfee.Highcharts\Maanfee.Highcharts.csproj", "{713A64AE-4C28-47A5-9AAA-C6F334AAEE7A}"
EndProject
Global
	GlobalSection(SolutionConfigurationPlatforms) = preSolution
		Debug|Any CPU = Debug|Any CPU
		Release|Any CPU = Release|Any CPU
	EndGlobalSection
	GlobalSection(ProjectConfigurationPlatforms) = postSolution
		{136A0B3A-8F3F-4A10-B467-9957A970F200}.Debug|Any CPU.ActiveCfg = Debug|Any CPU
		{136A0B3A-8F3F-4A10-B467-9957A970F200}.Debug|Any CPU.Build.0 = Debug|Any CPU
		{136A0B3A-8F3F-4A10-B467-9957A970F200}.Release|Any CPU.ActiveCfg = Release|Any CPU
		{136A0B3A-8F3F-4A10-B467-9957A970F200}.Release|Any CPU.Build.0 = Release|Any CPU
		{1D44806E-DAE7-4CA5-88F3-A589AABD53FD}.Debug|Any CPU.ActiveCfg = Debug|Any CPU
		{1D44806E-DAE7-4CA5-88F3-A589AABD53FD}.Debug|Any CPU.Build.0 = Debug|Any CPU
		{1D44806E-DAE7-4CA5-88F3-A589AABD53FD}.Release|Any CPU.ActiveCfg = Release|Any CPU
		{1D44806E-DAE7-4CA5-88F3-A589AABD53FD}.Release|Any CPU.Build.0 = Release|Any CPU
		{E46BAB80-CF3C-41B7-B25E-824BD83EBA9C}.Debug|Any CPU.ActiveCfg = Debug|Any CPU
		{E46BAB80-CF3C-41B7-B25E-824BD83EBA9C}.Debug|Any CPU.Build.0 = Debug|Any CPU
		{E46BAB80-CF3C-41B7-B25E-824BD83EBA9C}.Release|Any CPU.ActiveCfg = Release|Any CPU
		{E46BAB80-CF3C-41B7-B25E-824BD83EBA9C}.Release|Any CPU.Build.0 = Release|Any CPU
		{713A64AE-4C28-47A5-9AAA-C6F334AAEE7A}.Debug|Any CPU.ActiveCfg = Debug|Any CPU
		{713A64AE-4C28-47A5-9AAA-C6F334AAEE7A}.Debug|Any CPU.Build.0 = Debug|Any CPU
		{713A64AE-4C28-47A5-9AAA-C6F334AAEE7A}.Release|Any CPU.ActiveCfg = Release|Any CPU
		{713A64AE-4C28-47A5-9AAA-C6F334AAEE7A}.Release|Any CPU.Build.0 = Release|Any CPU
	EndGlobalSection
	GlobalSection(SolutionProperties) = preSolution
		HideSolutionNode = FALSE
	EndGlobalSection
	GlobalSection(ExtensibilityGlobals) = postSolution
		SolutionGuid = {3F9C5479-AA85-427E-93BB-135C1558B871}
	EndGlobalSection
EndGlobal
